
Microsoft Visual Studio Solution File, Format Version 12.00
# Visual Studio Version 16
VisualStudioVersion = 16.0.30413.136
MinimumVisualStudioVersion = 10.0.40219.1
Project("{FAE04EC0-301F-11D3-BF4B-00C04F79EFBC}") = "lab7", "lab7\lab7.csproj", "{FFFF7206-6DAE-4664-A063-D50B2BC78026}"
EndProject
Global
	GlobalSection(SolutionConfigurationPlatforms) = preSolution
		Debug|Any CPU = Debug|Any CPU
		Release|Any CPU = Release|Any CPU
	EndGlobalSection
	GlobalSection(ProjectConfigurationPlatforms) = postSolution
		{FFFF7206-6DAE-4664-A063-D50B2BC78026}.Debug|Any CPU.ActiveCfg = Debug|Any CPU
		{FFFF7206-6DAE-4664-A063-D50B2BC78026}.Debug|Any CPU.Build.0 = Debug|Any CPU
		{FFFF7206-6DAE-4664-A063-D50B2BC78026}.Release|Any CPU.ActiveCfg = Release|Any CPU
		{FFFF7206-6DAE-4664-A063-D50B2BC78026}.Release|Any CPU.Build.0 = Release|Any CPU
	EndGlobalSection
	GlobalSection(SolutionProperties) = preSolution
		HideSolutionNode = FALSE
	EndGlobalSection
	GlobalSection(ExtensibilityGlobals) = postSolution
		SolutionGuid = {78DACFC2-A265-45FC-B846-6970F8EF5D1B}
	EndGlobalSection
EndGlobal
